
Microsoft Visual Studio Solution File, Format Version 12.00
# Visual Studio Version 16
VisualStudioVersion = 16.0.30503.244
MinimumVisualStudioVersion = 10.0.40219.1
Project("{FAE04EC0-301F-11D3-BF4B-00C04F79EFBC}") = "CRUDMonHoc", "CRUDMonHoc.csproj", "{CE80A884-8E4C-4E2B-A159-FF4FCC83BFBD}"
EndProject
Global
	GlobalSection(SolutionConfigurationPlatforms) = preSolution
		Debug|Any CPU = Debug|Any CPU
		Release|Any CPU = Release|Any CPU
	EndGlobalSection
	GlobalSection(ProjectConfigurationPlatforms) = postSolution
		{CE80A884-8E4C-4E2B-A159-FF4FCC83BFBD}.Debug|Any CPU.ActiveCfg = Debug|Any CPU
		{CE80A884-8E4C-4E2B-A159-FF4FCC83BFBD}.Debug|Any CPU.Build.0 = Debug|Any CPU
		{CE80A884-8E4C-4E2B-A159-FF4FCC83BFBD}.Release|Any CPU.ActiveCfg = Release|Any CPU
		{CE80A884-8E4C-4E2B-A159-FF4FCC83BFBD}.Release|Any CPU.Build.0 = Release|Any CPU
	EndGlobalSection
	GlobalSection(SolutionProperties) = preSolution
		HideSolutionNode = FALSE
	EndGlobalSection
	GlobalSection(ExtensibilityGlobals) = postSolution
		SolutionGuid = {4C936866-48BD-4588-8221-A3E96B5A5FDA}
	EndGlobalSection
EndGlobal
