
Microsoft Visual Studio Solution File, Format Version 12.00
# Visual Studio Version 16
VisualStudioVersion = 16.0.30503.244
MinimumVisualStudioVersion = 10.0.40219.1
Project("{FAE04EC0-301F-11D3-BF4B-00C04F79EFBC}") = "Client", "Client\Client.csproj", "{050A5A9E-5FB3-4AA0-BC64-78AA4F856661}"
EndProject
Project("{FAE04EC0-301F-11D3-BF4B-00C04F79EFBC}") = "Server", "Server\Server.csproj", "{2A13408A-39AA-4DDA-8626-7E50AE549F2E}"
EndProject
Global
	GlobalSection(SolutionConfigurationPlatforms) = preSolution
		Debug|Any CPU = Debug|Any CPU
		Release|Any CPU = Release|Any CPU
	EndGlobalSection
	GlobalSection(ProjectConfigurationPlatforms) = postSolution
		{050A5A9E-5FB3-4AA0-BC64-78AA4F856661}.Debug|Any CPU.ActiveCfg = Debug|Any CPU
		{050A5A9E-5FB3-4AA0-BC64-78AA4F856661}.Debug|Any CPU.Build.0 = Debug|Any CPU
		{050A5A9E-5FB3-4AA0-BC64-78AA4F856661}.Release|Any CPU.ActiveCfg = Release|Any CPU
		{050A5A9E-5FB3-4AA0-BC64-78AA4F856661}.Release|Any CPU.Build.0 = Release|Any CPU
		{2A13408A-39AA-4DDA-8626-7E50AE549F2E}.Debug|Any CPU.ActiveCfg = Debug|Any CPU
		{2A13408A-39AA-4DDA-8626-7E50AE549F2E}.Debug|Any CPU.Build.0 = Debug|Any CPU
		{2A13408A-39AA-4DDA-8626-7E50AE549F2E}.Release|Any CPU.ActiveCfg = Release|Any CPU
		{2A13408A-39AA-4DDA-8626-7E50AE549F2E}.Release|Any CPU.Build.0 = Release|Any CPU
	EndGlobalSection
	GlobalSection(SolutionProperties) = preSolution
		HideSolutionNode = FALSE
	EndGlobalSection
	GlobalSection(ExtensibilityGlobals) = postSolution
		SolutionGuid = {78EC7846-B9CC-4EF2-8681-EEE00D42CBED}
	EndGlobalSection
EndGlobal
