
Microsoft Visual Studio Solution File, Format Version 12.00
# Visual Studio Version 16
VisualStudioVersion = 16.0.30503.244
MinimumVisualStudioVersion = 10.0.40219.1
Project("{FAE04EC0-301F-11D3-BF4B-00C04F79EFBC}") = "PE_Practice", "PE_Practice.csproj", "{45DE02E3-9CAF-4C5F-9BF4-C60569F84197}"
EndProject
Global
	GlobalSection(SolutionConfigurationPlatforms) = preSolution
		Debug|Any CPU = Debug|Any CPU
		Release|Any CPU = Release|Any CPU
	EndGlobalSection
	GlobalSection(ProjectConfigurationPlatforms) = postSolution
		{45DE02E3-9CAF-4C5F-9BF4-C60569F84197}.Debug|Any CPU.ActiveCfg = Debug|Any CPU
		{45DE02E3-9CAF-4C5F-9BF4-C60569F84197}.Debug|Any CPU.Build.0 = Debug|Any CPU
		{45DE02E3-9CAF-4C5F-9BF4-C60569F84197}.Release|Any CPU.ActiveCfg = Release|Any CPU
		{45DE02E3-9CAF-4C5F-9BF4-C60569F84197}.Release|Any CPU.Build.0 = Release|Any CPU
	EndGlobalSection
	GlobalSection(SolutionProperties) = preSolution
		HideSolutionNode = FALSE
	EndGlobalSection
	GlobalSection(ExtensibilityGlobals) = postSolution
		SolutionGuid = {9E076D12-905B-48F3-A256-2D8FC18E4CCC}
	EndGlobalSection
EndGlobal
